{
  "name": "agent-booster-pack",
  "version": "5.0.1",
  "lockfileVersion": 3,
  "requires": true,
  "packages": {
    "": {
      "name": "agent-booster-pack",
      "version": "5.0.1",
      "bundleDependencies": [
        "agent-booster-pack-skills",
        "agent-booster-pack-contract-first",
        "agent-booster-pack-proof"
      ],
      "license": "MIT",
      "dependencies": {
        "agent-booster-pack-contract-first": "^1.0.0",
        "agent-booster-pack-proof": "^2.0.0",
        "agent-booster-pack-skills": "^5.0.0"
      },
      "engines": {
        "node": ">=18"
      }
    },
    "node_modules/agent-booster-pack-contract-first": {
      "version": "1.0.0",
      "resolved": "https://registry.npmjs.org/agent-booster-pack-contract-first/-/agent-booster-pack-contract-first-1.0.0.tgz",
      "integrity": "sha512-LBiRewP3ogTDKTPPnd2XVq4XuDI6GWs7V8iK6tzyo/QR2BsDzBgA35TPJBJ3UjMd+mJzyx/B6y+abbl8t7q+5Q==",
      "inBundle": true,
      "license": "MIT",
      "engines": {
        "node": ">=18"
      }
    },
    "node_modules/agent-booster-pack-proof": {
      "version": "2.0.0",
      "resolved": "https://registry.npmjs.org/agent-booster-pack-proof/-/agent-booster-pack-proof-2.0.0.tgz",
      "integrity": "sha512-gdhqqDTd9lgTBoIMtZTEyNZkBi9t/+K6zjmc/GXwx8RtXIkC+B9Zb74HtA+hnTgBfFaFDMkUkigP/OMX20qZzg==",
      "inBundle": true,
      "license": "MIT",
      "peerDependencies": {
        "@mariozechner/pi-coding-agent": "*",
        "@mariozechner/pi-tui": "*",
        "@sinclair/typebox": "*"
      },
      "peerDependenciesMeta": {
        "@mariozechner/pi-coding-agent": {
          "optional": true
        },
        "@mariozechner/pi-tui": {
          "optional": true
        },
        "@sinclair/typebox": {
          "optional": true
        }
      }
    },
    "node_modules/agent-booster-pack-skills": {
      "version": "5.0.0",
      "resolved": "https://registry.npmjs.org/agent-booster-pack-skills/-/agent-booster-pack-skills-5.0.0.tgz",
      "integrity": "sha512-OHdVfEdYooEZvvsBOTrtX9P5uNp7U0vwHnp3hxmuJOlGmwxDwVQkmdxFgTrr0vhYhph/UjqYqR17ZI1L8enyrQ==",
      "inBundle": true,
      "license": "MIT",
      "engines": {
        "node": ">=18"
      }
    }
  }
}
