{
  "name": "agent-booster-pack",
  "version": "5.1.0",
  "lockfileVersion": 3,
  "requires": true,
  "packages": {
    "": {
      "name": "agent-booster-pack",
      "version": "5.1.0",
      "bundleDependencies": [
        "agent-booster-pack-skills",
        "agent-booster-pack-contract-first",
        "agent-booster-pack-proof",
        "agent-booster-pack-whiteboard"
      ],
      "license": "MIT",
      "dependencies": {
        "agent-booster-pack-contract-first": "^1.0.1",
        "agent-booster-pack-proof": "^2.0.1",
        "agent-booster-pack-skills": "^5.0.2",
        "agent-booster-pack-whiteboard": "^1.0.0"
      },
      "engines": {
        "node": ">=18"
      }
    },
    "node_modules/agent-booster-pack-contract-first": {
      "version": "1.0.1",
      "resolved": "https://registry.npmjs.org/agent-booster-pack-contract-first/-/agent-booster-pack-contract-first-1.0.1.tgz",
      "integrity": "sha512-mDeaJpv4dNuIn1tv6XJdj85JrEL/pwrLkpK1+/om3DSHbKvE3lrWR4r7RxCTpT0Tu+EAGEs3RwJZlsQCJuz3/w==",
      "inBundle": true,
      "license": "MIT",
      "engines": {
        "node": ">=18"
      }
    },
    "node_modules/agent-booster-pack-proof": {
      "version": "2.0.1",
      "resolved": "https://registry.npmjs.org/agent-booster-pack-proof/-/agent-booster-pack-proof-2.0.1.tgz",
      "integrity": "sha512-bHQHEzbHBEin7+dc7ypIKdNwRodQ/LTrQREAxzXkFjybUUJaxsBpCC+UXDbCXzupC0Srp9GCDNWBhMMRtN1sNw==",
      "inBundle": true,
      "license": "MIT",
      "peerDependencies": {
        "@mariozechner/pi-coding-agent": "*",
        "@mariozechner/pi-tui": "*",
        "@sinclair/typebox": "*"
      },
      "peerDependenciesMeta": {
        "@mariozechner/pi-coding-agent": {
          "optional": true
        },
        "@mariozechner/pi-tui": {
          "optional": true
        },
        "@sinclair/typebox": {
          "optional": true
        }
      }
    },
    "node_modules/agent-booster-pack-skills": {
      "version": "5.0.2",
      "resolved": "https://registry.npmjs.org/agent-booster-pack-skills/-/agent-booster-pack-skills-5.0.2.tgz",
      "integrity": "sha512-+hJt+6UVBQL5sRV9RyRIXT+KJIe30lTwfwcZ7LtEo5zJLfVW1Boca0lQzjbuwl+cAAWMmRzy+P893C3ZDCB0eQ==",
      "inBundle": true,
      "license": "MIT",
      "engines": {
        "node": ">=18"
      }
    },
    "node_modules/agent-booster-pack-whiteboard": {
      "version": "1.0.0",
      "resolved": "https://registry.npmjs.org/agent-booster-pack-whiteboard/-/agent-booster-pack-whiteboard-1.0.0.tgz",
      "inBundle": true,
      "license": "MIT",
      "engines": {
        "node": ">=18"
      }
    }
  }
}
